
Microsoft Visual Studio Solution File, Format Version 12.00
# Visual Studio Version 17
VisualStudioVersion = 17.5.33424.131
MinimumVisualStudioVersion = 10.0.40219.1
Project("{FAE04EC0-301F-11D3-BF4B-00C04F79EFBC}") = "ModListInterpretercsharp", "ModListInterpretercsharp\ModListInterpretercsharp.csproj", "{AC1AD18E-943A-42DC-BA8D-1B36BA6E5023}"
EndProject
Global
	GlobalSection(SolutionConfigurationPlatforms) = preSolution
		Debug|Any CPU = Debug|Any CPU
		Release|Any CPU = Release|Any CPU
	EndGlobalSection
	GlobalSection(ProjectConfigurationPlatforms) = postSolution
		{AC1AD18E-943A-42DC-BA8D-1B36BA6E5023}.Debug|Any CPU.ActiveCfg = Debug|Any CPU
		{AC1AD18E-943A-42DC-BA8D-1B36BA6E5023}.Debug|Any CPU.Build.0 = Debug|Any CPU
		{AC1AD18E-943A-42DC-BA8D-1B36BA6E5023}.Release|Any CPU.ActiveCfg = Release|Any CPU
		{AC1AD18E-943A-42DC-BA8D-1B36BA6E5023}.Release|Any CPU.Build.0 = Release|Any CPU
	EndGlobalSection
	GlobalSection(SolutionProperties) = preSolution
		HideSolutionNode = FALSE
	EndGlobalSection
	GlobalSection(ExtensibilityGlobals) = postSolution
		SolutionGuid = {A8C60DCE-5501-460E-BD62-964F1A26DD04}
	EndGlobalSection
EndGlobal
